// !$*UTF8*$!
{
	archiveVersion = 1;
	classes = {
	};
	objectVersion = 48;
	objects = {

/* Begin PBXBuildFile section */
		4F3AD6C620961268004497B0 /* AppDelegate.m in Sources */ = {isa = PBXBuildFile; fileRef = 4F3AD6C520961268004497B0 /* AppDelegate.m */; };
		4F3AD6CC20961268004497B0 /* Main.storyboard in Resources */ = {isa = PBXBuildFile; fileRef = 4F3AD6CA20961268004497B0 /* Main.storyboard */; };
		4F3AD6CE20961268004497B0 /* Assets.xcassets in Resources */ = {isa = PBXBuildFile; fileRef = 4F3AD6CD20961268004497B0 /* Assets.xcassets */; };
		4F3AD6D120961268004497B0 /* LaunchScreen.storyboard in Resources */ = {isa = PBXBuildFile; fileRef = 4F3AD6CF20961268004497B0 /* LaunchScreen.storyboard */; };
		4F3AD6D420961268004497B0 /* main.m in Sources */ = {isa = PBXBuildFile; fileRef = 4F3AD6D320961268004497B0 /* main.m */; };
		4F3AD6DD209619ED004497B0 /* ReposCollectionViewController.m in Sources */ = {isa = PBXBuildFile; fileRef = 4F3AD6DC209619ED004497B0 /* ReposCollectionViewController.m */; };
		4F3AD6E120961B35004497B0 /* RepoCollectionViewCell.m in Sources */ = {isa = PBXBuildFile; fileRef = 4F3AD6E020961B35004497B0 /* RepoCollectionViewCell.m */; };
		BF9792E4504901118398F1F4 /* Pods_fbdTask.framework in Frameworks */ = {isa = PBXBuildFile; fileRef = 330DD2CAD7AF0E1BD7B4CFA1 /* Pods_fbdTask.framework */; };
/* End PBXBuildFile section */

/* Begin PBXFileReference section */
		330DD2CAD7AF0E1BD7B4CFA1 /* Pods_fbdTask.framework */ = {isa = PBXFileReference; explicitFileType = wrapper.framework; includeInIndex = 0; path = Pods_fbdTask.framework; sourceTree = BUILT_PRODUCTS_DIR; };
		4F3AD6C120961268004497B0 /* fbdTask.app */ = {isa = PBXFileReference; explicitFileType = wrapper.application; includeInIndex = 0; path = fbdTask.app; sourceTree = BUILT_PRODUCTS_DIR; };
		4F3AD6C420961268004497B0 /* AppDelegate.h */ = {isa = PBXFileReference; lastKnownFileType = sourcecode.c.h; path = AppDelegate.h; sourceTree = "<group>"; };
		4F3AD6C520961268004497B0 /* AppDelegate.m */ = {isa = PBXFileReference; lastKnownFileType = sourcecode.c.objc; path = AppDelegate.m; sourceTree = "<group>"; };
		4F3AD6CB20961268004497B0 /* Base */ = {isa = PBXFileReference; lastKnownFileType = file.storyboard; name = Base; path = Base.lproj/Main.storyboard; sourceTree = "<group>"; };
		4F3AD6CD20961268004497B0 /* Assets.xcassets */ = {isa = PBXFileReference; lastKnownFileType = folder.assetcatalog; path = Assets.xcassets; sourceTree = "<group>"; };
		4F3AD6D020961268004497B0 /* Base */ = {isa = PBXFileReference; lastKnownFileType = file.storyboard; name = Base; path = Base.lproj/LaunchScreen.storyboard; sourceTree = "<group>"; };
		4F3AD6D220961268004497B0 /* Info.plist */ = {isa = PBXFileReference; lastKnownFileType = text.plist.xml; path = Info.plist; sourceTree = "<group>"; };
		4F3AD6D320961268004497B0 /* main.m */ = {isa = PBXFileReference; lastKnownFileType = sourcecode.c.objc; path = main.m; sourceTree = "<group>"; };
		4F3AD6DB209619ED004497B0 /* ReposCollectionViewController.h */ = {isa = PBXFileReference; lastKnownFileType = sourcecode.c.h; path = ReposCollectionViewController.h; sourceTree = "<group>"; };
		4F3AD6DC209619ED004497B0 /* ReposCollectionViewController.m */ = {isa = PBXFileReference; lastKnownFileType = sourcecode.c.objc; path = ReposCollectionViewController.m; sourceTree = "<group>"; };
		4F3AD6DF20961B35004497B0 /* RepoCollectionViewCell.h */ = {isa = PBXFileReference; lastKnownFileType = sourcecode.c.h; path = RepoCollectionViewCell.h; sourceTree = "<group>"; };
		4F3AD6E020961B35004497B0 /* RepoCollectionViewCell.m */ = {isa = PBXFileReference; lastKnownFileType = sourcecode.c.objc; path = RepoCollectionViewCell.m; sourceTree = "<group>"; };
		EB51B0A363FA17533B4A5FE6 /* Pods-fbdTask.debug.xcconfig */ = {isa = PBXFileReference; includeInIndex = 1; lastKnownFileType = text.xcconfig; name = "Pods-fbdTask.debug.xcconfig"; path = "Pods/Target Support Files/Pods-fbdTask/Pods-fbdTask.debug.xcconfig"; sourceTree = "<group>"; };
		F45E38C02148E552C205F4DF /* Pods-fbdTask.release.xcconfig */ = {isa = PBXFileReference; includeInIndex = 1; lastKnownFileType = text.xcconfig; name = "Pods-fbdTask.release.xcconfig"; path = "Pods/Target Support Files/Pods-fbdTask/Pods-fbdTask.release.xcconfig"; sourceTree = "<group>"; };
/* End PBXFileReference section */

/* Begin PBXFrameworksBuildPhase section */
		4F3AD6BE20961268004497B0 /* Frameworks */ = {
			isa = PBXFrameworksBuildPhase;
			buildActionMask = 2147483647;
			files = (
				BF9792E4504901118398F1F4 /* Pods_fbdTask.framework in Frameworks */,
			);
			runOnlyForDeploymentPostprocessing = 0;
		};
/* End PBXFrameworksBuildPhase section */

/* Begin PBXGroup section */
		4F3AD6B820961268004497B0 = {
			isa = PBXGroup;
			children = (
				4F3AD6C320961268004497B0 /* fbdTask */,
				4F3AD6C220961268004497B0 /* Products */,
				CB5C1876913C499F775B592D /* Pods */,
				ABE8156D1A6C43FB241A8548 /* Frameworks */,
			);
			sourceTree = "<group>";
		};
		4F3AD6C220961268004497B0 /* Products */ = {
			isa = PBXGroup;
			children = (
				4F3AD6C120961268004497B0 /* fbdTask.app */,
			);
			name = Products;
			sourceTree = "<group>";
		};
		4F3AD6C320961268004497B0 /* fbdTask */ = {
			isa = PBXGroup;
			children = (
				4F3AD6DE20961B1F004497B0 /* Views */,
				4F3AD6DA209619CC004497B0 /* Controllers */,
				4F3AD6C420961268004497B0 /* AppDelegate.h */,
				4F3AD6C520961268004497B0 /* AppDelegate.m */,
				4F3AD6CA20961268004497B0 /* Main.storyboard */,
				4F3AD6CD20961268004497B0 /* Assets.xcassets */,
				4F3AD6CF20961268004497B0 /* LaunchScreen.storyboard */,
				4F3AD6D220961268004497B0 /* Info.plist */,
				4F3AD6D320961268004497B0 /* main.m */,
			);
			path = fbdTask;
			sourceTree = "<group>";
		};
		4F3AD6DA209619CC004497B0 /* Controllers */ = {
			isa = PBXGroup;
			children = (
				4F3AD6DB209619ED004497B0 /* ReposCollectionViewController.h */,
				4F3AD6DC209619ED004497B0 /* ReposCollectionViewController.m */,
			);
			path = Controllers;
			sourceTree = "<group>";
		};
		4F3AD6DE20961B1F004497B0 /* Views */ = {
			isa = PBXGroup;
			children = (
				4F3AD6DF20961B35004497B0 /* RepoCollectionViewCell.h */,
				4F3AD6E020961B35004497B0 /* RepoCollectionViewCell.m */,
			);
			path = Views;
			sourceTree = "<group>";
		};
		ABE8156D1A6C43FB241A8548 /* Frameworks */ = {
			isa = PBXGroup;
			children = (
				330DD2CAD7AF0E1BD7B4CFA1 /* Pods_fbdTask.framework */,
			);
			name = Frameworks;
			sourceTree = "<group>";
		};
		CB5C1876913C499F775B592D /* Pods */ = {
			isa = PBXGroup;
			children = (
				EB51B0A363FA17533B4A5FE6 /* Pods-fbdTask.debug.xcconfig */,
				F45E38C02148E552C205F4DF /* Pods-fbdTask.release.xcconfig */,
			);
			name = Pods;
			sourceTree = "<group>";
		};
/* End PBXGroup section */

/* Begin PBXNativeTarget section */
		4F3AD6C020961268004497B0 /* fbdTask */ = {
			isa = PBXNativeTarget;
			buildConfigurationList = 4F3AD6D720961268004497B0 /* Build configuration list for PBXNativeTarget "fbdTask" */;
			buildPhases = (
				014EF588858794D12CAB99F8 /* [CP] Check Pods Manifest.lock */,
				4F3AD6BD20961268004497B0 /* Sources */,
				4F3AD6BE20961268004497B0 /* Frameworks */,
				4F3AD6BF20961268004497B0 /* Resources */,
				82659AFBAAFB6128A961F83A /* [CP] Embed Pods Frameworks */,
			);
			buildRules = (
			);
			dependencies = (
			);
			name = fbdTask;
			productName = fbdTask;
			productReference = 4F3AD6C120961268004497B0 /* fbdTask.app */;
			productType = "com.apple.product-type.application";
		};
/* End PBXNativeTarget section */

/* Begin PBXProject section */
		4F3AD6B920961268004497B0 /* Project object */ = {
			isa = PBXProject;
			attributes = {
				LastUpgradeCheck = 0920;
				ORGANIZATIONNAME = "Salem Mohammed";
				TargetAttributes = {
					4F3AD6C020961268004497B0 = {
						CreatedOnToolsVersion = 9.2;
						ProvisioningStyle = Automatic;
					};
				};
			};
			buildConfigurationList = 4F3AD6BC20961268004497B0 /* Build configuration list for PBXProject "fbdTask" */;
			compatibilityVersion = "Xcode 8.0";
			developmentRegion = en;
			hasScannedForEncodings = 0;
			knownRegions = (
				en,
				Base,
			);
			mainGroup = 4F3AD6B820961268004497B0;
			productRefGroup = 4F3AD6C220961268004497B0 /* Products */;
			projectDirPath = "";
			projectRoot = "";
			targets = (
				4F3AD6C020961268004497B0 /* fbdTask */,
			);
		};
/* End PBXProject section */

/* Begin PBXResourcesBuildPhase section */
		4F3AD6BF20961268004497B0 /* Resources */ = {
			isa = PBXResourcesBuildPhase;
			buildActionMask = 2147483647;
			files = (
				4F3AD6D120961268004497B0 /* LaunchScreen.storyboard in Resources */,
				4F3AD6CE20961268004497B0 /* Assets.xcassets in Resources */,
				4F3AD6CC20961268004497B0 /* Main.storyboard in Resources */,
			);
			runOnlyForDeploymentPostprocessing = 0;
		};
/* End PBXResourcesBuildPhase section */

/* Begin PBXShellScriptBuildPhase section */
		014EF588858794D12CAB99F8 /* [CP] Check Pods Manifest.lock */ = {
			isa = PBXShellScriptBuildPhase;
			buildActionMask = 2147483647;
			files = (
			);
			inputPaths = (
				"${PODS_PODFILE_DIR_PATH}/Podfile.lock",
				"${PODS_ROOT}/Manifest.lock",
			);
			name = "[CP] Check Pods Manifest.lock";
			outputPaths = (
				"$(DERIVED_FILE_DIR)/Pods-fbdTask-checkManifestLockResult.txt",
			);
			runOnlyForDeploymentPostprocessing = 0;
			shellPath = /bin/sh;
			shellScript = "diff \"${PODS_PODFILE_DIR_PATH}/Podfile.lock\" \"${PODS_ROOT}/Manifest.lock\" > /dev/null\nif [ $? != 0 ] ; then\n    # print error to STDERR\n    echo \"error: The sandbox is not in sync with the Podfile.lock. Run 'pod install' or update your CocoaPods installation.\" >&2\n    exit 1\nfi\n# This output is used by Xcode 'outputs' to avoid re-running this script phase.\necho \"SUCCESS\" > \"${SCRIPT_OUTPUT_FILE_0}\"\n";
			showEnvVarsInLog = 0;
		};
		82659AFBAAFB6128A961F83A /* [CP] Embed Pods Frameworks */ = {
			isa = PBXShellScriptBuildPhase;
			buildActionMask = 2147483647;
			files = (
			);
			inputPaths = (
				"${SRCROOT}/Pods/Target Support Files/Pods-fbdTask/Pods-fbdTask-frameworks.sh",
				"${BUILT_PRODUCTS_DIR}/ISO8601DateFormatterValueTransformer/ISO8601DateFormatterValueTransformer.framework",
				"${BUILT_PRODUCTS_DIR}/MBProgressHUD/MBProgressHUD.framework",
				"${BUILT_PRODUCTS_DIR}/RKValueTransformers/RKValueTransformers.framework",
				"${BUILT_PRODUCTS_DIR}/RestKit/RestKit.framework",
				"${BUILT_PRODUCTS_DIR}/SOCKit/SOCKit.framework",
				"${BUILT_PRODUCTS_DIR}/TransitionKit/TransitionKit.framework",
			);
			name = "[CP] Embed Pods Frameworks";
			outputPaths = (
				"${TARGET_BUILD_DIR}/${FRAMEWORKS_FOLDER_PATH}/ISO8601DateFormatterValueTransformer.framework",
				"${TARGET_BUILD_DIR}/${FRAMEWORKS_FOLDER_PATH}/MBProgressHUD.framework",
				"${TARGET_BUILD_DIR}/${FRAMEWORKS_FOLDER_PATH}/RKValueTransformers.framework",
				"${TARGET_BUILD_DIR}/${FRAMEWORKS_FOLDER_PATH}/RestKit.framework",
				"${TARGET_BUILD_DIR}/${FRAMEWORKS_FOLDER_PATH}/SOCKit.framework",
				"${TARGET_BUILD_DIR}/${FRAMEWORKS_FOLDER_PATH}/TransitionKit.framework",
			);
			runOnlyForDeploymentPostprocessing = 0;
			shellPath = /bin/sh;
			shellScript = "\"${SRCROOT}/Pods/Target Support Files/Pods-fbdTask/Pods-fbdTask-frameworks.sh\"\n";
			showEnvVarsInLog = 0;
		};
/* End PBXShellScriptBuildPhase section */

/* Begin PBXSourcesBuildPhase section */
		4F3AD6BD20961268004497B0 /* Sources */ = {
			isa = PBXSourcesBuildPhase;
			buildActionMask = 2147483647;
			files = (
				4F3AD6E120961B35004497B0 /* RepoCollectionViewCell.m in Sources */,
				4F3AD6DD209619ED004497B0 /* ReposCollectionViewController.m in Sources */,
				4F3AD6D420961268004497B0 /* main.m in Sources */,
				4F3AD6C620961268004497B0 /* AppDelegate.m in Sources */,
			);
			runOnlyForDeploymentPostprocessing = 0;
		};
/* End PBXSourcesBuildPhase section */

/* Begin PBXVariantGroup section */
		4F3AD6CA20961268004497B0 /* Main.storyboard */ = {
			isa = PBXVariantGroup;
			children = (
				4F3AD6CB20961268004497B0 /* Base */,
			);
			name = Main.storyboard;
			sourceTree = "<group>";
		};
		4F3AD6CF20961268004497B0 /* LaunchScreen.storyboard */ = {
			isa = PBXVariantGroup;
			children = (
				4F3AD6D020961268004497B0 /* Base */,
			);
			name = LaunchScreen.storyboard;
			sourceTree = "<group>";
		};
/* End PBXVariantGroup section */

/* Begin XCBuildConfiguration section */
		4F3AD6D520961268004497B0 /* Debug */ = {
			isa = XCBuildConfiguration;
			buildSettings = {
				ALWAYS_SEARCH_USER_PATHS = NO;
				CLANG_ANALYZER_NONNULL = YES;
				CLANG_ANALYZER_NUMBER_OBJECT_CONVERSION = YES_AGGRESSIVE;
				CLANG_CXX_LANGUAGE_STANDARD = "gnu++14";
				CLANG_CXX_LIBRARY = "libc++";
				CLANG_ENABLE_MODULES = YES;
				CLANG_ENABLE_OBJC_ARC = YES;
				CLANG_WARN_BLOCK_CAPTURE_AUTORELEASING = YES;
				CLANG_WARN_BOOL_CONVERSION = YES;
				CLANG_WARN_COMMA = YES;
				CLANG_WARN_CONSTANT_CONVERSION = YES;
				CLANG_WARN_DIRECT_OBJC_ISA_USAGE = YES_ERROR;
				CLANG_WARN_DOCUMENTATION_COMMENTS = YES;
				CLANG_WARN_EMPTY_BODY = YES;
				CLANG_WARN_ENUM_CONVERSION = YES;
				CLANG_WARN_INFINITE_RECURSION = YES;
				CLANG_WARN_INT_CONVERSION = YES;
				CLANG_WARN_NON_LITERAL_NULL_CONVERSION = YES;
				CLANG_WARN_OBJC_LITERAL_CONVERSION = YES;
				CLANG_WARN_OBJC_ROOT_CLASS = YES_ERROR;
				CLANG_WARN_RANGE_LOOP_ANALYSIS = YES;
				CLANG_WARN_STRICT_PROTOTYPES = YES;
				CLANG_WARN_SUSPICIOUS_MOVE = YES;
				CLANG_WARN_UNGUARDED_AVAILABILITY = YES_AGGRESSIVE;
				CLANG_WARN_UNREACHABLE_CODE = YES;
				CLANG_WARN__DUPLICATE_METHOD_MATCH = YES;
				CODE_SIGN_IDENTITY = "iPhone Developer";
				COPY_PHASE_STRIP = NO;
				DEBUG_INFORMATION_FORMAT = dwarf;
				ENABLE_STRICT_OBJC_MSGSEND = YES;
				ENABLE_TESTABILITY = YES;
				GCC_C_LANGUAGE_STANDARD = gnu11;
				GCC_DYNAMIC_NO_PIC = NO;
				GCC_NO_COMMON_BLOCKS = YES;
				GCC_OPTIMIZATION_LEVEL = 0;
				GCC_PREPROCESSOR_DEFINITIONS = (
					"DEBUG=1",
					"$(inherited)",
				);
				GCC_WARN_64_TO_32_BIT_CONVERSION = YES;
				GCC_WARN_ABOUT_RETURN_TYPE = YES_ERROR;
				GCC_WARN_UNDECLARED_SELECTOR = YES;
				GCC_WARN_UNINITIALIZED_AUTOS = YES_AGGRESSIVE;
				GCC_WARN_UNUSED_FUNCTION = YES;
				GCC_WARN_UNUSED_VARIABLE = YES;
				IPHONEOS_DEPLOYMENT_TARGET = 11.2;
				MTL_ENABLE_DEBUG_INFO = YES;
				ONLY_ACTIVE_ARCH = YES;
				SDKROOT = iphoneos;
			};
			name = Debug;
		};
		4F3AD6D620961268004497B0 /* Release */ = {
			isa = XCBuildConfiguration;
			buildSettings = {
				ALWAYS_SEARCH_USER_PATHS = NO;
				CLANG_ANALYZER_NONNULL = YES;
				CLANG_ANALYZER_NUMBER_OBJECT_CONVERSION = YES_AGGRESSIVE;
				CLANG_CXX_LANGUAGE_STANDARD = "gnu++14";
				CLANG_CXX_LIBRARY = "libc++";
				CLANG_ENABLE_MODULES = YES;
				CLANG_ENABLE_OBJC_ARC = YES;
				CLANG_WARN_BLOCK_CAPTURE_AUTORELEASING = YES;
				CLANG_WARN_BOOL_CONVERSION = YES;
				CLANG_WARN_COMMA = YES;
				CLANG_WARN_CONSTANT_CONVERSION = YES;
				CLANG_WARN_DIRECT_OBJC_ISA_USAGE = YES_ERROR;
				CLANG_WARN_DOCUMENTATION_COMMENTS = YES;
				CLANG_WARN_EMPTY_BODY = YES;
				CLANG_WARN_ENUM_CONVERSION = YES;
				CLANG_WARN_INFINITE_RECURSION = YES;
				CLANG_WARN_INT_CONVERSION = YES;
				CLANG_WARN_NON_LITERAL_NULL_CONVERSION = YES;
				CLANG_WARN_OBJC_LITERAL_CONVERSION = YES;
				CLANG_WARN_OBJC_ROOT_CLASS = YES_ERROR;
				CLANG_WARN_RANGE_LOOP_ANALYSIS = YES;
				CLANG_WARN_STRICT_PROTOTYPES = YES;
				CLANG_WARN_SUSPICIOUS_MOVE = YES;
				CLANG_WARN_UNGUARDED_AVAILABILITY = YES_AGGRESSIVE;
				CLANG_WARN_UNREACHABLE_CODE = YES;
				CLANG_WARN__DUPLICATE_METHOD_MATCH = YES;
				CODE_SIGN_IDENTITY = "iPhone Developer";
				COPY_PHASE_STRIP = NO;
				DEBUG_INFORMATION_FORMAT = "dwarf-with-dsym";
				ENABLE_NS_ASSERTIONS = NO;
				ENABLE_STRICT_OBJC_MSGSEND = YES;
				GCC_C_LANGUAGE_STANDARD = gnu11;
				GCC_NO_COMMON_BLOCKS = YES;
				GCC_WARN_64_TO_32_BIT_CONVERSION = YES;
				GCC_WARN_ABOUT_RETURN_TYPE = YES_ERROR;
				GCC_WARN_UNDECLARED_SELECTOR = YES;
				GCC_WARN_UNINITIALIZED_AUTOS = YES_AGGRESSIVE;
				GCC_WARN_UNUSED_FUNCTION = YES;
				GCC_WARN_UNUSED_VARIABLE = YES;
				IPHONEOS_DEPLOYMENT_TARGET = 11.2;
				MTL_ENABLE_DEBUG_INFO = NO;
				SDKROOT = iphoneos;
				VALIDATE_PRODUCT = YES;
			};
			name = Release;
		};
		4F3AD6D820961268004497B0 /* Debug */ = {
			isa = XCBuildConfiguration;
			baseConfigurationReference = EB51B0A363FA17533B4A5FE6 /* Pods-fbdTask.debug.xcconfig */;
			buildSettings = {
				ASSETCATALOG_COMPILER_APPICON_NAME = AppIcon;
				CODE_SIGN_STYLE = Automatic;
				DEVELOPMENT_TEAM = UXYD2AG48K;
				INFOPLIST_FILE = fbdTask/Info.plist;
				IPHONEOS_DEPLOYMENT_TARGET = 10.3;
				LD_RUNPATH_SEARCH_PATHS = "$(inherited) @executable_path/Frameworks";
				PRODUCT_BUNDLE_IDENTIFIER = com.salem.fbdTask;
				PRODUCT_NAME = "$(TARGET_NAME)";
				TARGETED_DEVICE_FAMILY = "1,2";
			};
			name = Debug;
		};
		4F3AD6D920961268004497B0 /* Release */ = {
			isa = XCBuildConfiguration;
			baseConfigurationReference = F45E38C02148E552C205F4DF /* Pods-fbdTask.release.xcconfig */;
			buildSettings = {
				ASSETCATALOG_COMPILER_APPICON_NAME = AppIcon;
				CODE_SIGN_STYLE = Automatic;
				DEVELOPMENT_TEAM = UXYD2AG48K;
				INFOPLIST_FILE = fbdTask/Info.plist;
				IPHONEOS_DEPLOYMENT_TARGET = 10.3;
				LD_RUNPATH_SEARCH_PATHS = "$(inherited) @executable_path/Frameworks";
				PRODUCT_BUNDLE_IDENTIFIER = com.salem.fbdTask;
				PRODUCT_NAME = "$(TARGET_NAME)";
				TARGETED_DEVICE_FAMILY = "1,2";
			};
			name = Release;
		};
/* End XCBuildConfiguration section */

/* Begin XCConfigurationList section */
		4F3AD6BC20961268004497B0 /* Build configuration list for PBXProject "fbdTask" */ = {
			isa = XCConfigurationList;
			buildConfigurations = (
				4F3AD6D520961268004497B0 /* Debug */,
				4F3AD6D620961268004497B0 /* Release */,
			);
			defaultConfigurationIsVisible = 0;
			defaultConfigurationName = Release;
		};
		4F3AD6D720961268004497B0 /* Build configuration list for PBXNativeTarget "fbdTask" */ = {
			isa = XCConfigurationList;
			buildConfigurations = (
				4F3AD6D820961268004497B0 /* Debug */,
				4F3AD6D920961268004497B0 /* Release */,
			);
			defaultConfigurationIsVisible = 0;
			defaultConfigurationName = Release;
		};
/* End XCConfigurationList section */
	};
	rootObject = 4F3AD6B920961268004497B0 /* Project object */;
}
